
Microsoft Visual Studio Solution File, Format Version 12.00
# Visual Studio 14
VisualStudioVersion = 14.0.25420.1
MinimumVisualStudioVersion = 10.0.40219.1
Project("{2150E333-8FDC-42A3-9474-1A3956D46DE8}") = "Info", "Info", "{657BF238-F228-4F09-A1E0-47C40046EEF1}"
	ProjectSection(SolutionItems) = preProject
		ReadMe.md = ReadMe.md
		todo.txt = todo.txt
	EndProjectSection
EndProject
Project("{8BC9CEB8-8B4A-11D0-8D11-00A0C91BC942}") = "basic", "basic\basic.vcxproj", "{B83A04F9-4270-4440-9D1A-80DCAAB009C4}"
EndProject
Project("{8BC9CEB8-8B4A-11D0-8D11-00A0C91BC942}") = "math", "math\math.vcxproj", "{DE0A5C55-3BD4-4CC3-AA21-A57C577F4584}"
	ProjectSection(ProjectDependencies) = postProject
		{2AA3D83B-1812-3CD4-A364-AC3B426CEADC} = {2AA3D83B-1812-3CD4-A364-AC3B426CEADC}
	EndProjectSection
EndProject
Project("{8BC9CEB8-8B4A-11D0-8D11-00A0C91BC942}") = "test", "test\test.vcxproj", "{1F9CD685-1ED4-48ED-BFDA-45598468C38D}"
EndProject
Project("{8BC9CEB8-8B4A-11D0-8D11-00A0C91BC942}") = "opengl", "opengl\opengl.vcxproj", "{2F82D905-594B-44F4-B8FF-CF2BA286BE09}"
EndProject
Project("{8BC9CEB8-8B4A-11D0-8D11-00A0C91BC942}") = "pointset", "pointset\pointset.vcxproj", "{206AEC20-3F2A-42C8-A0D7-20407748FFAD}"
EndProject
Project("{8BC9CEB8-8B4A-11D0-8D11-00A0C91BC942}") = "3rd_zlib", "3rd_party\zlib\3rd_zlib.vcxproj", "{DF8D9C43-6A78-4724-9A87-F203F48DE886}"
EndProject
Project("{8BC9CEB8-8B4A-11D0-8D11-00A0C91BC942}") = "3rd_png", "3rd_party\png\3rd_png.vcxproj", "{5332EE6D-1AA7-4ED9-894E-EDA342AA6146}"
EndProject
Project("{8BC9CEB8-8B4A-11D0-8D11-00A0C91BC942}") = "algo", "algo\algo.vcxproj", "{7B5CCF91-C18E-4D34-B6A3-4B9F171BB7CB}"
EndProject
Project("{8BC9CEB8-8B4A-11D0-8D11-00A0C91BC942}") = "3rd_jpeg", "3rd_party\jpeg\jpeg.vcxproj", "{C92A84CB-9D10-4049-8C24-280331FDB39F}"
EndProject
Project("{8BC9CEB8-8B4A-11D0-8D11-00A0C91BC942}") = "3rd_sba", "3rd_party\sba\sba-1.5.vcxproj", "{E52566B9-8FBA-414D-A93D-9B184E2361E1}"
EndProject
Project("{2150E333-8FDC-42A3-9474-1A3956D46DE8}") = "ThirdParty", "ThirdParty", "{184BAC2A-E06D-4667-AF9A-1DBDDCEAFCE1}"
EndProject
Project("{8BC9CEB8-8B4A-11D0-8D11-00A0C91BC942}") = "3rd_graclus", "3rd_party\graclus\graclus_1.2.vcxproj", "{DAF625FA-FC4D-4C9D-AD96-CAAE7F50787E}"
EndProject
Project("{8BC9CEB8-8B4A-11D0-8D11-00A0C91BC942}") = "tinycthread", "3rd_party\tinycthread\tinycthread.vcxproj", "{ECFC7713-7832-4847-840E-F1A039162B53}"
EndProject
Project("{8BC9CEB8-8B4A-11D0-8D11-00A0C91BC942}") = "3rd_nlopt", "3rd_party\nlopt\nlopt_2.4.2.vcxproj", "{81D5C2C2-D8E0-4A02-A97F-E1784B308D87}"
EndProject
Project("{8BC9CEB8-8B4A-11D0-8D11-00A0C91BC942}") = "3rd_blas", "3rd_party\clapack\blas\3rd_blas.vcxproj", "{ABF3484A-3DB6-4114-A5C6-020659289E86}"
EndProject
Project("{8BC9CEB8-8B4A-11D0-8D11-00A0C91BC942}") = "3rd_clapack", "3rd_party\clapack\lapack\3rd_clapack.vcxproj", "{2A945F21-EDFD-42BE-A4A3-B1EAE2F446BC}"
EndProject
Project("{8BC9CEB8-8B4A-11D0-8D11-00A0C91BC942}") = "3rd_libf2c", "3rd_party\clapack\libf2c\3rd_libf2c.vcxproj", "{BA4BF8A6-154C-4375-808F-63194676D022}"
EndProject
Project("{8BC9CEB8-8B4A-11D0-8D11-00A0C91BC942}") = "3rd_cmvs-pmvs", "3rd_party\cmvs-pmvs\pmvs.vcxproj", "{B0CD1851-48F8-42CA-8F6B-C9EE0A83C8A1}"
EndProject
Project("{8BC9CEB8-8B4A-11D0-8D11-00A0C91BC942}") = "MVStudio", "MVStudio\MVStudio.vcxproj", "{D5DCB796-638E-405E-BE60-A779B1743C37}"
EndProject
Project("{8BC9CEB8-8B4A-11D0-8D11-00A0C91BC942}") = "sfm", "sfm\sfm.vcxproj", "{DBB350EB-B7E7-49AB-A9C1-6AB91B0D0409}"
	ProjectSection(ProjectDependencies) = postProject
		{92C33A56-2525-483E-A35B-16A6FBCC8884} = {92C33A56-2525-483E-A35B-16A6FBCC8884}
	EndProjectSection
EndProject
Project("{8BC9CEB8-8B4A-11D0-8D11-00A0C91BC942}") = "image", "image\image.vcxproj", "{715278A4-B2FF-4AE1-91FD-E6175F6B2A89}"
EndProject
Project("{8BC9CEB8-8B4A-11D0-8D11-00A0C91BC942}") = "mvglib", "mvglib\mvglib.vcxproj", "{92C33A56-2525-483E-A35B-16A6FBCC8884}"
EndProject
Project("{8BC9CEB8-8B4A-11D0-8D11-00A0C91BC942}") = "3rd_cminpack", "3rd_party\cminpack\cminpack-1.3.4.vcxproj", "{2AA3D83B-1812-3CD4-A364-AC3B426CEADC}"
EndProject
Project("{8BC9CEB8-8B4A-11D0-8D11-00A0C91BC942}") = "3rd_qglviewer", "3rd_party\QGLViewer\qglviewer-2.6.3.vcxproj", "{944083FE-23C5-3EDE-A305-0C342D1AF872}"
EndProject
Project("{8BC9CEB8-8B4A-11D0-8D11-00A0C91BC942}") = "3rd_siftGPU", "3rd_party\siftGPU\siftGPU.vcxproj", "{9252E247-4FE2-4929-BD5D-C2FA16EFD656}"
EndProject
Project("{8BC9CEB8-8B4A-11D0-8D11-00A0C91BC942}") = "3rd_pbaGPU", "3rd_party\pbaGPU\pbaGPU.vcxproj", "{D8B8F2D4-F5C5-4486-AA05-0C7117466777}"
EndProject
Global
	GlobalSection(SolutionConfigurationPlatforms) = preSolution
		Debug|x64 = Debug|x64
		Release|x64 = Release|x64
	EndGlobalSection
	GlobalSection(ProjectConfigurationPlatforms) = postSolution
		{B83A04F9-4270-4440-9D1A-80DCAAB009C4}.Debug|x64.ActiveCfg = Debug|x64
		{B83A04F9-4270-4440-9D1A-80DCAAB009C4}.Debug|x64.Build.0 = Debug|x64
		{B83A04F9-4270-4440-9D1A-80DCAAB009C4}.Release|x64.ActiveCfg = Release|x64
		{B83A04F9-4270-4440-9D1A-80DCAAB009C4}.Release|x64.Build.0 = Release|x64
		{DE0A5C55-3BD4-4CC3-AA21-A57C577F4584}.Debug|x64.ActiveCfg = Debug|x64
		{DE0A5C55-3BD4-4CC3-AA21-A57C577F4584}.Debug|x64.Build.0 = Debug|x64
		{DE0A5C55-3BD4-4CC3-AA21-A57C577F4584}.Release|x64.ActiveCfg = Release|x64
		{DE0A5C55-3BD4-4CC3-AA21-A57C577F4584}.Release|x64.Build.0 = Release|x64
		{1F9CD685-1ED4-48ED-BFDA-45598468C38D}.Debug|x64.ActiveCfg = Debug|x64
		{1F9CD685-1ED4-48ED-BFDA-45598468C38D}.Debug|x64.Build.0 = Debug|x64
		{1F9CD685-1ED4-48ED-BFDA-45598468C38D}.Release|x64.ActiveCfg = Release|x64
		{1F9CD685-1ED4-48ED-BFDA-45598468C38D}.Release|x64.Build.0 = Release|x64
		{2F82D905-594B-44F4-B8FF-CF2BA286BE09}.Debug|x64.ActiveCfg = Debug|x64
		{2F82D905-594B-44F4-B8FF-CF2BA286BE09}.Debug|x64.Build.0 = Debug|x64
		{2F82D905-594B-44F4-B8FF-CF2BA286BE09}.Release|x64.ActiveCfg = Release|x64
		{2F82D905-594B-44F4-B8FF-CF2BA286BE09}.Release|x64.Build.0 = Release|x64
		{206AEC20-3F2A-42C8-A0D7-20407748FFAD}.Debug|x64.ActiveCfg = Debug|x64
		{206AEC20-3F2A-42C8-A0D7-20407748FFAD}.Debug|x64.Build.0 = Debug|x64
		{206AEC20-3F2A-42C8-A0D7-20407748FFAD}.Release|x64.ActiveCfg = Release|x64
		{206AEC20-3F2A-42C8-A0D7-20407748FFAD}.Release|x64.Build.0 = Release|x64
		{DF8D9C43-6A78-4724-9A87-F203F48DE886}.Debug|x64.ActiveCfg = Debug|x64
		{DF8D9C43-6A78-4724-9A87-F203F48DE886}.Debug|x64.Build.0 = Debug|x64
		{DF8D9C43-6A78-4724-9A87-F203F48DE886}.Release|x64.ActiveCfg = Release|x64
		{DF8D9C43-6A78-4724-9A87-F203F48DE886}.Release|x64.Build.0 = Release|x64
		{5332EE6D-1AA7-4ED9-894E-EDA342AA6146}.Debug|x64.ActiveCfg = Debug|x64
		{5332EE6D-1AA7-4ED9-894E-EDA342AA6146}.Debug|x64.Build.0 = Debug|x64
		{5332EE6D-1AA7-4ED9-894E-EDA342AA6146}.Release|x64.ActiveCfg = Release|x64
		{5332EE6D-1AA7-4ED9-894E-EDA342AA6146}.Release|x64.Build.0 = Release|x64
		{7B5CCF91-C18E-4D34-B6A3-4B9F171BB7CB}.Debug|x64.ActiveCfg = Debug|x64
		{7B5CCF91-C18E-4D34-B6A3-4B9F171BB7CB}.Debug|x64.Build.0 = Debug|x64
		{7B5CCF91-C18E-4D34-B6A3-4B9F171BB7CB}.Release|x64.ActiveCfg = Release|x64
		{7B5CCF91-C18E-4D34-B6A3-4B9F171BB7CB}.Release|x64.Build.0 = Release|x64
		{C92A84CB-9D10-4049-8C24-280331FDB39F}.Debug|x64.ActiveCfg = Debug|x64
		{C92A84CB-9D10-4049-8C24-280331FDB39F}.Debug|x64.Build.0 = Debug|x64
		{C92A84CB-9D10-4049-8C24-280331FDB39F}.Release|x64.ActiveCfg = Release|x64
		{C92A84CB-9D10-4049-8C24-280331FDB39F}.Release|x64.Build.0 = Release|x64
		{E52566B9-8FBA-414D-A93D-9B184E2361E1}.Debug|x64.ActiveCfg = Debug|x64
		{E52566B9-8FBA-414D-A93D-9B184E2361E1}.Debug|x64.Build.0 = Debug|x64
		{E52566B9-8FBA-414D-A93D-9B184E2361E1}.Release|x64.ActiveCfg = Release|x64
		{E52566B9-8FBA-414D-A93D-9B184E2361E1}.Release|x64.Build.0 = Release|x64
		{DAF625FA-FC4D-4C9D-AD96-CAAE7F50787E}.Debug|x64.ActiveCfg = Debug|x64
		{DAF625FA-FC4D-4C9D-AD96-CAAE7F50787E}.Debug|x64.Build.0 = Debug|x64
		{DAF625FA-FC4D-4C9D-AD96-CAAE7F50787E}.Release|x64.ActiveCfg = Release|x64
		{DAF625FA-FC4D-4C9D-AD96-CAAE7F50787E}.Release|x64.Build.0 = Release|x64
		{ECFC7713-7832-4847-840E-F1A039162B53}.Debug|x64.ActiveCfg = Debug|x64
		{ECFC7713-7832-4847-840E-F1A039162B53}.Debug|x64.Build.0 = Debug|x64
		{ECFC7713-7832-4847-840E-F1A039162B53}.Release|x64.ActiveCfg = Release|x64
		{ECFC7713-7832-4847-840E-F1A039162B53}.Release|x64.Build.0 = Release|x64
		{81D5C2C2-D8E0-4A02-A97F-E1784B308D87}.Debug|x64.ActiveCfg = Debug|x64
		{81D5C2C2-D8E0-4A02-A97F-E1784B308D87}.Debug|x64.Build.0 = Debug|x64
		{81D5C2C2-D8E0-4A02-A97F-E1784B308D87}.Release|x64.ActiveCfg = Release|x64
		{81D5C2C2-D8E0-4A02-A97F-E1784B308D87}.Release|x64.Build.0 = Release|x64
		{ABF3484A-3DB6-4114-A5C6-020659289E86}.Debug|x64.ActiveCfg = Debug|x64
		{ABF3484A-3DB6-4114-A5C6-020659289E86}.Debug|x64.Build.0 = Debug|x64
		{ABF3484A-3DB6-4114-A5C6-020659289E86}.Release|x64.ActiveCfg = Release|x64
		{ABF3484A-3DB6-4114-A5C6-020659289E86}.Release|x64.Build.0 = Release|x64
		{2A945F21-EDFD-42BE-A4A3-B1EAE2F446BC}.Debug|x64.ActiveCfg = Debug|x64
		{2A945F21-EDFD-42BE-A4A3-B1EAE2F446BC}.Debug|x64.Build.0 = Debug|x64
		{2A945F21-EDFD-42BE-A4A3-B1EAE2F446BC}.Release|x64.ActiveCfg = Release|x64
		{2A945F21-EDFD-42BE-A4A3-B1EAE2F446BC}.Release|x64.Build.0 = Release|x64
		{BA4BF8A6-154C-4375-808F-63194676D022}.Debug|x64.ActiveCfg = Debug|x64
		{BA4BF8A6-154C-4375-808F-63194676D022}.Debug|x64.Build.0 = Debug|x64
		{BA4BF8A6-154C-4375-808F-63194676D022}.Release|x64.ActiveCfg = Release|x64
		{BA4BF8A6-154C-4375-808F-63194676D022}.Release|x64.Build.0 = Release|x64
		{B0CD1851-48F8-42CA-8F6B-C9EE0A83C8A1}.Debug|x64.ActiveCfg = Debug|x64
		{B0CD1851-48F8-42CA-8F6B-C9EE0A83C8A1}.Debug|x64.Build.0 = Debug|x64
		{B0CD1851-48F8-42CA-8F6B-C9EE0A83C8A1}.Release|x64.ActiveCfg = Release|x64
		{B0CD1851-48F8-42CA-8F6B-C9EE0A83C8A1}.Release|x64.Build.0 = Release|x64
		{D5DCB796-638E-405E-BE60-A779B1743C37}.Debug|x64.ActiveCfg = Debug|x64
		{D5DCB796-638E-405E-BE60-A779B1743C37}.Debug|x64.Build.0 = Debug|x64
		{D5DCB796-638E-405E-BE60-A779B1743C37}.Release|x64.ActiveCfg = Release|x64
		{D5DCB796-638E-405E-BE60-A779B1743C37}.Release|x64.Build.0 = Release|x64
		{DBB350EB-B7E7-49AB-A9C1-6AB91B0D0409}.Debug|x64.ActiveCfg = Debug|x64
		{DBB350EB-B7E7-49AB-A9C1-6AB91B0D0409}.Debug|x64.Build.0 = Debug|x64
		{DBB350EB-B7E7-49AB-A9C1-6AB91B0D0409}.Release|x64.ActiveCfg = Release|x64
		{DBB350EB-B7E7-49AB-A9C1-6AB91B0D0409}.Release|x64.Build.0 = Release|x64
		{715278A4-B2FF-4AE1-91FD-E6175F6B2A89}.Debug|x64.ActiveCfg = Debug|x64
		{715278A4-B2FF-4AE1-91FD-E6175F6B2A89}.Debug|x64.Build.0 = Debug|x64
		{715278A4-B2FF-4AE1-91FD-E6175F6B2A89}.Release|x64.ActiveCfg = Release|x64
		{715278A4-B2FF-4AE1-91FD-E6175F6B2A89}.Release|x64.Build.0 = Release|x64
		{92C33A56-2525-483E-A35B-16A6FBCC8884}.Debug|x64.ActiveCfg = Debug|x64
		{92C33A56-2525-483E-A35B-16A6FBCC8884}.Debug|x64.Build.0 = Debug|x64
		{92C33A56-2525-483E-A35B-16A6FBCC8884}.Release|x64.ActiveCfg = Release|x64
		{92C33A56-2525-483E-A35B-16A6FBCC8884}.Release|x64.Build.0 = Release|x64
		{2AA3D83B-1812-3CD4-A364-AC3B426CEADC}.Debug|x64.ActiveCfg = Debug|x64
		{2AA3D83B-1812-3CD4-A364-AC3B426CEADC}.Debug|x64.Build.0 = Debug|x64
		{2AA3D83B-1812-3CD4-A364-AC3B426CEADC}.Release|x64.ActiveCfg = Release|x64
		{2AA3D83B-1812-3CD4-A364-AC3B426CEADC}.Release|x64.Build.0 = Release|x64
		{944083FE-23C5-3EDE-A305-0C342D1AF872}.Debug|x64.ActiveCfg = Debug|x64
		{944083FE-23C5-3EDE-A305-0C342D1AF872}.Debug|x64.Build.0 = Debug|x64
		{944083FE-23C5-3EDE-A305-0C342D1AF872}.Release|x64.ActiveCfg = Release|x64
		{944083FE-23C5-3EDE-A305-0C342D1AF872}.Release|x64.Build.0 = Release|x64
		{9252E247-4FE2-4929-BD5D-C2FA16EFD656}.Debug|x64.ActiveCfg = Debug|x64
		{9252E247-4FE2-4929-BD5D-C2FA16EFD656}.Debug|x64.Build.0 = Debug|x64
		{9252E247-4FE2-4929-BD5D-C2FA16EFD656}.Release|x64.ActiveCfg = Release|x64
		{9252E247-4FE2-4929-BD5D-C2FA16EFD656}.Release|x64.Build.0 = Release|x64
		{D8B8F2D4-F5C5-4486-AA05-0C7117466777}.Debug|x64.ActiveCfg = Debug|x64
		{D8B8F2D4-F5C5-4486-AA05-0C7117466777}.Debug|x64.Build.0 = Debug|x64
		{D8B8F2D4-F5C5-4486-AA05-0C7117466777}.Release|x64.ActiveCfg = Release|x64
		{D8B8F2D4-F5C5-4486-AA05-0C7117466777}.Release|x64.Build.0 = Release|x64
	EndGlobalSection
	GlobalSection(SolutionProperties) = preSolution
		HideSolutionNode = FALSE
	EndGlobalSection
	GlobalSection(NestedProjects) = preSolution
		{DF8D9C43-6A78-4724-9A87-F203F48DE886} = {184BAC2A-E06D-4667-AF9A-1DBDDCEAFCE1}
		{5332EE6D-1AA7-4ED9-894E-EDA342AA6146} = {184BAC2A-E06D-4667-AF9A-1DBDDCEAFCE1}
		{C92A84CB-9D10-4049-8C24-280331FDB39F} = {184BAC2A-E06D-4667-AF9A-1DBDDCEAFCE1}
		{E52566B9-8FBA-414D-A93D-9B184E2361E1} = {184BAC2A-E06D-4667-AF9A-1DBDDCEAFCE1}
		{DAF625FA-FC4D-4C9D-AD96-CAAE7F50787E} = {184BAC2A-E06D-4667-AF9A-1DBDDCEAFCE1}
		{ECFC7713-7832-4847-840E-F1A039162B53} = {184BAC2A-E06D-4667-AF9A-1DBDDCEAFCE1}
		{81D5C2C2-D8E0-4A02-A97F-E1784B308D87} = {184BAC2A-E06D-4667-AF9A-1DBDDCEAFCE1}
		{ABF3484A-3DB6-4114-A5C6-020659289E86} = {184BAC2A-E06D-4667-AF9A-1DBDDCEAFCE1}
		{2A945F21-EDFD-42BE-A4A3-B1EAE2F446BC} = {184BAC2A-E06D-4667-AF9A-1DBDDCEAFCE1}
		{BA4BF8A6-154C-4375-808F-63194676D022} = {184BAC2A-E06D-4667-AF9A-1DBDDCEAFCE1}
		{B0CD1851-48F8-42CA-8F6B-C9EE0A83C8A1} = {184BAC2A-E06D-4667-AF9A-1DBDDCEAFCE1}
		{2AA3D83B-1812-3CD4-A364-AC3B426CEADC} = {184BAC2A-E06D-4667-AF9A-1DBDDCEAFCE1}
		{944083FE-23C5-3EDE-A305-0C342D1AF872} = {184BAC2A-E06D-4667-AF9A-1DBDDCEAFCE1}
		{9252E247-4FE2-4929-BD5D-C2FA16EFD656} = {184BAC2A-E06D-4667-AF9A-1DBDDCEAFCE1}
		{D8B8F2D4-F5C5-4486-AA05-0C7117466777} = {184BAC2A-E06D-4667-AF9A-1DBDDCEAFCE1}
	EndGlobalSection
	GlobalSection(ExtensibilityGlobals) = postSolution
		SolutionGuid = {123CE8DF-5B93-42D4-9C9B-8EE5FA614A99}
		QtVersion = 4.8.0
	EndGlobalSection
	GlobalSection(SubversionScc) = preSolution
		Svn-Managed = True
		Manager = AnkhSVN - Subversion Support for Visual Studio
	EndGlobalSection
	GlobalSection(Qt) = preSolution
		Integration = True
	EndGlobalSection
	GlobalSection(Qt) = preSolution
		Integration = True
	EndGlobalSection
	GlobalSection(Qt) = preSolution
		Integration = True
	EndGlobalSection
EndGlobal
